
Microsoft Visual Studio Solution File, Format Version 12.00
# Visual Studio Version 17
VisualStudioVersion = 17.5.002.0
MinimumVisualStudioVersion = 10.0.40219.1
Project("{9A19103F-16F7-4668-BE54-9A1E7A4F7556}") = "Infrastructure", "Infrastructure.csproj", "{D3051146-04C2-4BE9-AB74-D0FCD0B6B4F2}"
EndProject
Global
	GlobalSection(SolutionConfigurationPlatforms) = preSolution
		Debug|Any CPU = Debug|Any CPU
		Release|Any CPU = Release|Any CPU
	EndGlobalSection
	GlobalSection(ProjectConfigurationPlatforms) = postSolution
		{D3051146-04C2-4BE9-AB74-D0FCD0B6B4F2}.Debug|Any CPU.ActiveCfg = Debug|Any CPU
		{D3051146-04C2-4BE9-AB74-D0FCD0B6B4F2}.Debug|Any CPU.Build.0 = Debug|Any CPU
		{D3051146-04C2-4BE9-AB74-D0FCD0B6B4F2}.Release|Any CPU.ActiveCfg = Release|Any CPU
		{D3051146-04C2-4BE9-AB74-D0FCD0B6B4F2}.Release|Any CPU.Build.0 = Release|Any CPU
	EndGlobalSection
	GlobalSection(SolutionProperties) = preSolution
		HideSolutionNode = FALSE
	EndGlobalSection
	GlobalSection(ExtensibilityGlobals) = postSolution
		SolutionGuid = {2B03B3BD-E8C8-49DF-BEC6-E426227E2815}
	EndGlobalSection
EndGlobal
